
Microsoft Visual Studio Solution File, Format Version 12.00
# Visual Studio Version 17
VisualStudioVersion = 17.3.32929.385
MinimumVisualStudioVersion = 10.0.40219.1
Project("{FAE04EC0-301F-11D3-BF4B-00C04F79EFBC}") = "rtm0x17.DefectCataloger", "rtm0x17.DefectCataloger\rtm0x17.DefectCataloger.csproj", "{CA1A1E68-5FFA-45EE-BF7C-65B94B0A0330}"
EndProject
Global
	GlobalSection(SolutionConfigurationPlatforms) = preSolution
		Debug|Any CPU = Debug|Any CPU
		Release|Any CPU = Release|Any CPU
	EndGlobalSection
	GlobalSection(ProjectConfigurationPlatforms) = postSolution
		{CA1A1E68-5FFA-45EE-BF7C-65B94B0A0330}.Debug|Any CPU.ActiveCfg = Debug|Any CPU
		{CA1A1E68-5FFA-45EE-BF7C-65B94B0A0330}.Debug|Any CPU.Build.0 = Debug|Any CPU
		{CA1A1E68-5FFA-45EE-BF7C-65B94B0A0330}.Release|Any CPU.ActiveCfg = Release|Any CPU
		{CA1A1E68-5FFA-45EE-BF7C-65B94B0A0330}.Release|Any CPU.Build.0 = Release|Any CPU
	EndGlobalSection
	GlobalSection(SolutionProperties) = preSolution
		HideSolutionNode = FALSE
	EndGlobalSection
	GlobalSection(ExtensibilityGlobals) = postSolution
		SolutionGuid = {5258236F-84C5-49B2-8840-1A639CD1B424}
	EndGlobalSection
EndGlobal
